
Microsoft Visual Studio Solution File, Format Version 12.00
# Visual Studio 15
VisualStudioVersion = 15.0.26124.0
MinimumVisualStudioVersion = 15.0.26124.0
Project("{2150E333-8FDC-42A3-9474-1A3956D46DE8}") = "src", "src", "{0043BD73-8E28-4687-AB58-DF175189F9B5}"
EndProject
Project("{FAE04EC0-301F-11D3-BF4B-00C04F79EFBC}") = "Application", "src\Application\Application.csproj", "{7B13176A-183F-4625-A03C-15F2699C8B32}"
EndProject
Project("{FAE04EC0-301F-11D3-BF4B-00C04F79EFBC}") = "Domain", "src\Domain\Domain.csproj", "{5445973C-6387-48F7-8220-D779950586BC}"
EndProject
Project("{FAE04EC0-301F-11D3-BF4B-00C04F79EFBC}") = "Web", "src\Web\Web.csproj", "{07835777-5AE1-4C1B-A5E0-53EC12B3173C}"
EndProject
Project("{2150E333-8FDC-42A3-9474-1A3956D46DE8}") = "Infrastructure", "Infrastructure", "{EE94D404-A195-40AD-9C8D-AE55CE58953F}"
EndProject
Project("{FAE04EC0-301F-11D3-BF4B-00C04F79EFBC}") = "Persistence", "src\Infrastructure\Persistence\Persistence.csproj", "{7E6895A7-1D97-484A-AE4E-19AC226C673A}"
EndProject
Global
	GlobalSection(SolutionConfigurationPlatforms) = preSolution
		Debug|Any CPU = Debug|Any CPU
		Debug|x64 = Debug|x64
		Debug|x86 = Debug|x86
		Release|Any CPU = Release|Any CPU
		Release|x64 = Release|x64
		Release|x86 = Release|x86
	EndGlobalSection
	GlobalSection(SolutionProperties) = preSolution
		HideSolutionNode = FALSE
	EndGlobalSection
	GlobalSection(ProjectConfigurationPlatforms) = postSolution
		{7B13176A-183F-4625-A03C-15F2699C8B32}.Debug|Any CPU.ActiveCfg = Debug|Any CPU
		{7B13176A-183F-4625-A03C-15F2699C8B32}.Debug|Any CPU.Build.0 = Debug|Any CPU
		{7B13176A-183F-4625-A03C-15F2699C8B32}.Debug|x64.ActiveCfg = Debug|Any CPU
		{7B13176A-183F-4625-A03C-15F2699C8B32}.Debug|x64.Build.0 = Debug|Any CPU
		{7B13176A-183F-4625-A03C-15F2699C8B32}.Debug|x86.ActiveCfg = Debug|Any CPU
		{7B13176A-183F-4625-A03C-15F2699C8B32}.Debug|x86.Build.0 = Debug|Any CPU
		{7B13176A-183F-4625-A03C-15F2699C8B32}.Release|Any CPU.ActiveCfg = Release|Any CPU
		{7B13176A-183F-4625-A03C-15F2699C8B32}.Release|Any CPU.Build.0 = Release|Any CPU
		{7B13176A-183F-4625-A03C-15F2699C8B32}.Release|x64.ActiveCfg = Release|Any CPU
		{7B13176A-183F-4625-A03C-15F2699C8B32}.Release|x64.Build.0 = Release|Any CPU
		{7B13176A-183F-4625-A03C-15F2699C8B32}.Release|x86.ActiveCfg = Release|Any CPU
		{7B13176A-183F-4625-A03C-15F2699C8B32}.Release|x86.Build.0 = Release|Any CPU
		{5445973C-6387-48F7-8220-D779950586BC}.Debug|Any CPU.ActiveCfg = Debug|Any CPU
		{5445973C-6387-48F7-8220-D779950586BC}.Debug|Any CPU.Build.0 = Debug|Any CPU
		{5445973C-6387-48F7-8220-D779950586BC}.Debug|x64.ActiveCfg = Debug|Any CPU
		{5445973C-6387-48F7-8220-D779950586BC}.Debug|x64.Build.0 = Debug|Any CPU
		{5445973C-6387-48F7-8220-D779950586BC}.Debug|x86.ActiveCfg = Debug|Any CPU
		{5445973C-6387-48F7-8220-D779950586BC}.Debug|x86.Build.0 = Debug|Any CPU
		{5445973C-6387-48F7-8220-D779950586BC}.Release|Any CPU.ActiveCfg = Release|Any CPU
		{5445973C-6387-48F7-8220-D779950586BC}.Release|Any CPU.Build.0 = Release|Any CPU
		{5445973C-6387-48F7-8220-D779950586BC}.Release|x64.ActiveCfg = Release|Any CPU
		{5445973C-6387-48F7-8220-D779950586BC}.Release|x64.Build.0 = Release|Any CPU
		{5445973C-6387-48F7-8220-D779950586BC}.Release|x86.ActiveCfg = Release|Any CPU
		{5445973C-6387-48F7-8220-D779950586BC}.Release|x86.Build.0 = Release|Any CPU
		{07835777-5AE1-4C1B-A5E0-53EC12B3173C}.Debug|Any CPU.ActiveCfg = Debug|Any CPU
		{07835777-5AE1-4C1B-A5E0-53EC12B3173C}.Debug|Any CPU.Build.0 = Debug|Any CPU
		{07835777-5AE1-4C1B-A5E0-53EC12B3173C}.Debug|x64.ActiveCfg = Debug|Any CPU
		{07835777-5AE1-4C1B-A5E0-53EC12B3173C}.Debug|x64.Build.0 = Debug|Any CPU
		{07835777-5AE1-4C1B-A5E0-53EC12B3173C}.Debug|x86.ActiveCfg = Debug|Any CPU
		{07835777-5AE1-4C1B-A5E0-53EC12B3173C}.Debug|x86.Build.0 = Debug|Any CPU
		{07835777-5AE1-4C1B-A5E0-53EC12B3173C}.Release|Any CPU.ActiveCfg = Release|Any CPU
		{07835777-5AE1-4C1B-A5E0-53EC12B3173C}.Release|Any CPU.Build.0 = Release|Any CPU
		{07835777-5AE1-4C1B-A5E0-53EC12B3173C}.Release|x64.ActiveCfg = Release|Any CPU
		{07835777-5AE1-4C1B-A5E0-53EC12B3173C}.Release|x64.Build.0 = Release|Any CPU
		{07835777-5AE1-4C1B-A5E0-53EC12B3173C}.Release|x86.ActiveCfg = Release|Any CPU
		{07835777-5AE1-4C1B-A5E0-53EC12B3173C}.Release|x86.Build.0 = Release|Any CPU
		{7E6895A7-1D97-484A-AE4E-19AC226C673A}.Debug|Any CPU.ActiveCfg = Debug|Any CPU
		{7E6895A7-1D97-484A-AE4E-19AC226C673A}.Debug|Any CPU.Build.0 = Debug|Any CPU
		{7E6895A7-1D97-484A-AE4E-19AC226C673A}.Debug|x64.ActiveCfg = Debug|Any CPU
		{7E6895A7-1D97-484A-AE4E-19AC226C673A}.Debug|x64.Build.0 = Debug|Any CPU
		{7E6895A7-1D97-484A-AE4E-19AC226C673A}.Debug|x86.ActiveCfg = Debug|Any CPU
		{7E6895A7-1D97-484A-AE4E-19AC226C673A}.Debug|x86.Build.0 = Debug|Any CPU
		{7E6895A7-1D97-484A-AE4E-19AC226C673A}.Release|Any CPU.ActiveCfg = Release|Any CPU
		{7E6895A7-1D97-484A-AE4E-19AC226C673A}.Release|Any CPU.Build.0 = Release|Any CPU
		{7E6895A7-1D97-484A-AE4E-19AC226C673A}.Release|x64.ActiveCfg = Release|Any CPU
		{7E6895A7-1D97-484A-AE4E-19AC226C673A}.Release|x64.Build.0 = Release|Any CPU
		{7E6895A7-1D97-484A-AE4E-19AC226C673A}.Release|x86.ActiveCfg = Release|Any CPU
		{7E6895A7-1D97-484A-AE4E-19AC226C673A}.Release|x86.Build.0 = Release|Any CPU
	EndGlobalSection
	GlobalSection(NestedProjects) = preSolution
		{7B13176A-183F-4625-A03C-15F2699C8B32} = {0043BD73-8E28-4687-AB58-DF175189F9B5}
		{5445973C-6387-48F7-8220-D779950586BC} = {0043BD73-8E28-4687-AB58-DF175189F9B5}
		{07835777-5AE1-4C1B-A5E0-53EC12B3173C} = {0043BD73-8E28-4687-AB58-DF175189F9B5}
		{EE94D404-A195-40AD-9C8D-AE55CE58953F} = {0043BD73-8E28-4687-AB58-DF175189F9B5}
		{7E6895A7-1D97-484A-AE4E-19AC226C673A} = {EE94D404-A195-40AD-9C8D-AE55CE58953F}
	EndGlobalSection
EndGlobal
